
Microsoft Visual Studio Solution File, Format Version 12.00
# Visual Studio Version 16
VisualStudioVersion = 16.0.29613.14
MinimumVisualStudioVersion = 10.0.40219.1
Project("{FAE04EC0-301F-11D3-BF4B-00C04F79EFBC}") = "RestaurantWeb", "RestaurantWeb.csproj", "{DC3F921A-A2CA-403D-AC0D-A4798CC395DF}"
EndProject
Global
	GlobalSection(SolutionConfigurationPlatforms) = preSolution
		Debug|Any CPU = Debug|Any CPU
		Release|Any CPU = Release|Any CPU
	EndGlobalSection
	GlobalSection(ProjectConfigurationPlatforms) = postSolution
		{DC3F921A-A2CA-403D-AC0D-A4798CC395DF}.Debug|Any CPU.ActiveCfg = Debug|Any CPU
		{DC3F921A-A2CA-403D-AC0D-A4798CC395DF}.Debug|Any CPU.Build.0 = Debug|Any CPU
		{DC3F921A-A2CA-403D-AC0D-A4798CC395DF}.Release|Any CPU.ActiveCfg = Release|Any CPU
		{DC3F921A-A2CA-403D-AC0D-A4798CC395DF}.Release|Any CPU.Build.0 = Release|Any CPU
	EndGlobalSection
	GlobalSection(SolutionProperties) = preSolution
		HideSolutionNode = FALSE
	EndGlobalSection
	GlobalSection(ExtensibilityGlobals) = postSolution
		SolutionGuid = {E8BB31F1-C642-41F2-82A1-065FEACE4EF8}
	EndGlobalSection
EndGlobal
